// !$*UTF8*$!
{
	archiveVersion = 1;
	classes = {
	};
	objectVersion = 77;
	objects = {

/* Begin PBXBuildFile section */
		28878F092F63CF110071178E /* SPEC.md in Resources */ = {isa = PBXBuildFile; fileRef = 28878F082F63CF110071178E /* SPEC.md */; };
		28878F0C2F63CF280071178E /* TODO.md in Resources */ = {isa = PBXBuildFile; fileRef = 28878F0B2F63CF280071178E /* TODO.md */; };
		28878F0D2F63CF280071178E /* README.md in Resources */ = {isa = PBXBuildFile; fileRef = 28878F0A2F63CF280071178E /* README.md */; };
		28878F162F64530F0071178E /* NIOCore in Frameworks */ = {isa = PBXBuildFile; productRef = 28878F152F64530F0071178E /* NIOCore */; };
		28878F182F64530F0071178E /* NIOPosix in Frameworks */ = {isa = PBXBuildFile; productRef = 28878F172F64530F0071178E /* NIOPosix */; };
		2887901F2F6535F20071178E /* NIOSSH in Frameworks */ = {isa = PBXBuildFile; productRef = 2887901E2F6535F20071178E /* NIOSSH */; };
/* End PBXBuildFile section */

/* Begin PBXContainerItemProxy section */
		28878ECC2F63C1FA0071178E /* PBXContainerItemProxy */ = {
			isa = PBXContainerItemProxy;
			containerPortal = 28878EB42F63C1F90071178E /* Project object */;
			proxyType = 1;
			remoteGlobalIDString = 28878EBB2F63C1F90071178E;
			remoteInfo = iFTP;
		};
		28878ED62F63C1FA0071178E /* PBXContainerItemProxy */ = {
			isa = PBXContainerItemProxy;
			containerPortal = 28878EB42F63C1F90071178E /* Project object */;
			proxyType = 1;
			remoteGlobalIDString = 28878EBB2F63C1F90071178E;
			remoteInfo = iFTP;
		};
/* End PBXContainerItemProxy section */

/* Begin PBXFileReference section */
		28878EBC2F63C1F90071178E /* iFTP.app */ = {isa = PBXFileReference; explicitFileType = wrapper.application; includeInIndex = 0; path = iFTP.app; sourceTree = BUILT_PRODUCTS_DIR; };
		28878ECB2F63C1FA0071178E /* iFTPTests.xctest */ = {isa = PBXFileReference; explicitFileType = wrapper.cfbundle; includeInIndex = 0; path = iFTPTests.xctest; sourceTree = BUILT_PRODUCTS_DIR; };
		28878ED52F63C1FA0071178E /* iFTPUITests.xctest */ = {isa = PBXFileReference; explicitFileType = wrapper.cfbundle; includeInIndex = 0; path = iFTPUITests.xctest; sourceTree = BUILT_PRODUCTS_DIR; };
		28878F082F63CF110071178E /* SPEC.md */ = {isa = PBXFileReference; lastKnownFileType = net.daringfireball.markdown; path = SPEC.md; sourceTree = "<group>"; };
		28878F0A2F63CF280071178E /* README.md */ = {isa = PBXFileReference; lastKnownFileType = net.daringfireball.markdown; path = README.md; sourceTree = "<group>"; };
		28878F0B2F63CF280071178E /* TODO.md */ = {isa = PBXFileReference; lastKnownFileType = net.daringfireball.markdown; path = TODO.md; sourceTree = "<group>"; };
/* End PBXFileReference section */

/* Begin PBXFileSystemSynchronizedRootGroup section */
		28878EBE2F63C1F90071178E /* iFTP */ = {
			isa = PBXFileSystemSynchronizedRootGroup;
			path = iFTP;
			sourceTree = "<group>";
		};
		28878ECE2F63C1FA0071178E /* iFTPTests */ = {
			isa = PBXFileSystemSynchronizedRootGroup;
			path = iFTPTests;
			sourceTree = "<group>";
		};
		28878ED82F63C1FA0071178E /* iFTPUITests */ = {
			isa = PBXFileSystemSynchronizedRootGroup;
			path = iFTPUITests;
			sourceTree = "<group>";
		};
/* End PBXFileSystemSynchronizedRootGroup section */

/* Begin PBXFrameworksBuildPhase section */
		28878EB92F63C1F90071178E /* Frameworks */ = {
			isa = PBXFrameworksBuildPhase;
			buildActionMask = 2147483647;
			files = (
				28878F162F64530F0071178E /* NIOCore in Frameworks */,
				28878F182F64530F0071178E /* NIOPosix in Frameworks */,
				2887901F2F6535F20071178E /* NIOSSH in Frameworks */,
			);
			runOnlyForDeploymentPostprocessing = 0;
		};
		28878EC82F63C1FA0071178E /* Frameworks */ = {
			isa = PBXFrameworksBuildPhase;
			buildActionMask = 2147483647;
			files = (
			);
			runOnlyForDeploymentPostprocessing = 0;
		};
		28878ED22F63C1FA0071178E /* Frameworks */ = {
			isa = PBXFrameworksBuildPhase;
			buildActionMask = 2147483647;
			files = (
			);
			runOnlyForDeploymentPostprocessing = 0;
		};
/* End PBXFrameworksBuildPhase section */

/* Begin PBXGroup section */
		28878EB32F63C1F90071178E = {
			isa = PBXGroup;
			children = (
				28878F082F63CF110071178E /* SPEC.md */,
				28878F0A2F63CF280071178E /* README.md */,
				28878F0B2F63CF280071178E /* TODO.md */,
				28878EBE2F63C1F90071178E /* iFTP */,
				28878ECE2F63C1FA0071178E /* iFTPTests */,
				28878ED82F63C1FA0071178E /* iFTPUITests */,
				28878EBD2F63C1F90071178E /* Products */,
			);
			sourceTree = "<group>";
		};
		28878EBD2F63C1F90071178E /* Products */ = {
			isa = PBXGroup;
			children = (
				28878EBC2F63C1F90071178E /* iFTP.app */,
				28878ECB2F63C1FA0071178E /* iFTPTests.xctest */,
				28878ED52F63C1FA0071178E /* iFTPUITests.xctest */,
			);
			name = Products;
			sourceTree = "<group>";
		};
/* End PBXGroup section */

/* Begin PBXNativeTarget section */
		28878EBB2F63C1F90071178E /* iFTP */ = {
			isa = PBXNativeTarget;
			buildConfigurationList = 28878EDF2F63C1FA0071178E /* Build configuration list for PBXNativeTarget "iFTP" */;
			buildPhases = (
				28878EB82F63C1F90071178E /* Sources */,
				28878EB92F63C1F90071178E /* Frameworks */,
				28878EBA2F63C1F90071178E /* Resources */,
			);
			buildRules = (
			);
			dependencies = (
			);
			fileSystemSynchronizedGroups = (
				28878EBE2F63C1F90071178E /* iFTP */,
			);
			name = iFTP;
			packageProductDependencies = (
				28878F152F64530F0071178E /* NIOCore */,
				28878F172F64530F0071178E /* NIOPosix */,
				2887901E2F6535F20071178E /* NIOSSH */,
			);
			productName = iFTP;
			productReference = 28878EBC2F63C1F90071178E /* iFTP.app */;
			productType = "com.apple.product-type.application";
		};
		28878ECA2F63C1FA0071178E /* iFTPTests */ = {
			isa = PBXNativeTarget;
			buildConfigurationList = 28878EE22F63C1FA0071178E /* Build configuration list for PBXNativeTarget "iFTPTests" */;
			buildPhases = (
				28878EC72F63C1FA0071178E /* Sources */,
				28878EC82F63C1FA0071178E /* Frameworks */,
				28878EC92F63C1FA0071178E /* Resources */,
			);
			buildRules = (
			);
			dependencies = (
				28878ECD2F63C1FA0071178E /* PBXTargetDependency */,
			);
			fileSystemSynchronizedGroups = (
				28878ECE2F63C1FA0071178E /* iFTPTests */,
			);
			name = iFTPTests;
			packageProductDependencies = (
			);
			productName = iFTPTests;
			productReference = 28878ECB2F63C1FA0071178E /* iFTPTests.xctest */;
			productType = "com.apple.product-type.bundle.unit-test";
		};
		28878ED42F63C1FA0071178E /* iFTPUITests */ = {
			isa = PBXNativeTarget;
			buildConfigurationList = 28878EE52F63C1FA0071178E /* Build configuration list for PBXNativeTarget "iFTPUITests" */;
			buildPhases = (
				28878ED12F63C1FA0071178E /* Sources */,
				28878ED22F63C1FA0071178E /* Frameworks */,
				28878ED32F63C1FA0071178E /* Resources */,
			);
			buildRules = (
			);
			dependencies = (
				28878ED72F63C1FA0071178E /* PBXTargetDependency */,
			);
			fileSystemSynchronizedGroups = (
				28878ED82F63C1FA0071178E /* iFTPUITests */,
			);
			name = iFTPUITests;
			packageProductDependencies = (
			);
			productName = iFTPUITests;
			productReference = 28878ED52F63C1FA0071178E /* iFTPUITests.xctest */;
			productType = "com.apple.product-type.bundle.ui-testing";
		};
/* End PBXNativeTarget section */

/* Begin PBXProject section */
		28878EB42F63C1F90071178E /* Project object */ = {
			isa = PBXProject;
			attributes = {
				BuildIndependentTargetsInParallel = 1;
				LastSwiftUpdateCheck = 2630;
				LastUpgradeCheck = 2630;
				TargetAttributes = {
					28878EBB2F63C1F90071178E = {
						CreatedOnToolsVersion = 26.3;
					};
					28878ECA2F63C1FA0071178E = {
						CreatedOnToolsVersion = 26.3;
						TestTargetID = 28878EBB2F63C1F90071178E;
					};
					28878ED42F63C1FA0071178E = {
						CreatedOnToolsVersion = 26.3;
						TestTargetID = 28878EBB2F63C1F90071178E;
					};
				};
			};
			buildConfigurationList = 28878EB72F63C1F90071178E /* Build configuration list for PBXProject "iFTP" */;
			developmentRegion = en;
			hasScannedForEncodings = 0;
			knownRegions = (
				en,
				Base,
			);
			mainGroup = 28878EB32F63C1F90071178E;
			minimizedProjectReferenceProxies = 1;
			packageReferences = (
				28878F142F64530F0071178E /* XCRemoteSwiftPackageReference "swift-nio" */,
				2887901D2F6535F20071178E /* XCRemoteSwiftPackageReference "swift-nio-ssh" */,
			);
			preferredProjectObjectVersion = 77;
			productRefGroup = 28878EBD2F63C1F90071178E /* Products */;
			projectDirPath = "";
			projectRoot = "";
			targets = (
				28878EBB2F63C1F90071178E /* iFTP */,
				28878ECA2F63C1FA0071178E /* iFTPTests */,
				28878ED42F63C1FA0071178E /* iFTPUITests */,
			);
		};
/* End PBXProject section */

/* Begin PBXResourcesBuildPhase section */
		28878EBA2F63C1F90071178E /* Resources */ = {
			isa = PBXResourcesBuildPhase;
			buildActionMask = 2147483647;
			files = (
				28878F0C2F63CF280071178E /* TODO.md in Resources */,
				28878F0D2F63CF280071178E /* README.md in Resources */,
				28878F092F63CF110071178E /* SPEC.md in Resources */,
			);
			runOnlyForDeploymentPostprocessing = 0;
		};
		28878EC92F63C1FA0071178E /* Resources */ = {
			isa = PBXResourcesBuildPhase;
			buildActionMask = 2147483647;
			files = (
			);
			runOnlyForDeploymentPostprocessing = 0;
		};
		28878ED32F63C1FA0071178E /* Resources */ = {
			isa = PBXResourcesBuildPhase;
			buildActionMask = 2147483647;
			files = (
			);
			runOnlyForDeploymentPostprocessing = 0;
		};
/* End PBXResourcesBuildPhase section */

/* Begin PBXSourcesBuildPhase section */
		28878EB82F63C1F90071178E /* Sources */ = {
			isa = PBXSourcesBuildPhase;
			buildActionMask = 2147483647;
			files = (
			);
			runOnlyForDeploymentPostprocessing = 0;
		};
		28878EC72F63C1FA0071178E /* Sources */ = {
			isa = PBXSourcesBuildPhase;
			buildActionMask = 2147483647;
			files = (
			);
			runOnlyForDeploymentPostprocessing = 0;
		};
		28878ED12F63C1FA0071178E /* Sources */ = {
			isa = PBXSourcesBuildPhase;
			buildActionMask = 2147483647;
			files = (
			);
			runOnlyForDeploymentPostprocessing = 0;
		};
/* End PBXSourcesBuildPhase section */

/* Begin PBXTargetDependency section */
		28878ECD2F63C1FA0071178E /* PBXTargetDependency */ = {
			isa = PBXTargetDependency;
			target = 28878EBB2F63C1F90071178E /* iFTP */;
			targetProxy = 28878ECC2F63C1FA0071178E /* PBXContainerItemProxy */;
		};
		28878ED72F63C1FA0071178E /* PBXTargetDependency */ = {
			isa = PBXTargetDependency;
			target = 28878EBB2F63C1F90071178E /* iFTP */;
			targetProxy = 28878ED62F63C1FA0071178E /* PBXContainerItemProxy */;
		};
/* End PBXTargetDependency section */

/* Begin XCBuildConfiguration section */
		28878EDD2F63C1FA0071178E /* Debug */ = {
			isa = XCBuildConfiguration;
			buildSettings = {
				ALWAYS_SEARCH_USER_PATHS = NO;
				ASSETCATALOG_COMPILER_GENERATE_SWIFT_ASSET_SYMBOL_EXTENSIONS = YES;
				CLANG_ANALYZER_NONNULL = YES;
				CLANG_ANALYZER_NUMBER_OBJECT_CONVERSION = YES_AGGRESSIVE;
				CLANG_CXX_LANGUAGE_STANDARD = "gnu++20";
				CLANG_ENABLE_MODULES = YES;
				CLANG_ENABLE_OBJC_ARC = YES;
				CLANG_ENABLE_OBJC_WEAK = YES;
				CLANG_WARN_BLOCK_CAPTURE_AUTORELEASING = YES;
				CLANG_WARN_BOOL_CONVERSION = YES;
				CLANG_WARN_COMMA = YES;
				CLANG_WARN_CONSTANT_CONVERSION = YES;
				CLANG_WARN_DEPRECATED_OBJC_IMPLEMENTATIONS = YES;
				CLANG_WARN_DIRECT_OBJC_ISA_USAGE = YES_ERROR;
				CLANG_WARN_DOCUMENTATION_COMMENTS = YES;
				CLANG_WARN_EMPTY_BODY = YES;
				CLANG_WARN_ENUM_CONVERSION = YES;
				CLANG_WARN_INFINITE_RECURSION = YES;
				CLANG_WARN_INT_CONVERSION = YES;
				CLANG_WARN_NON_LITERAL_NULL_CONVERSION = YES;
				CLANG_WARN_OBJC_IMPLICIT_RETAIN_SELF = YES;
				CLANG_WARN_OBJC_LITERAL_CONVERSION = YES;
				CLANG_WARN_OBJC_ROOT_CLASS = YES_ERROR;
				CLANG_WARN_QUOTED_INCLUDE_IN_FRAMEWORK_HEADER = YES;
				CLANG_WARN_RANGE_LOOP_ANALYSIS = YES;
				CLANG_WARN_STRICT_PROTOTYPES = YES;
				CLANG_WARN_SUSPICIOUS_MOVE = YES;
				CLANG_WARN_UNGUARDED_AVAILABILITY = YES_AGGRESSIVE;
				CLANG_WARN_UNREACHABLE_CODE = YES;
				CLANG_WARN__DUPLICATE_METHOD_MATCH = YES;
				COPY_PHASE_STRIP = NO;
				DEBUG_INFORMATION_FORMAT = dwarf;
				ENABLE_STRICT_OBJC_MSGSEND = YES;
				ENABLE_TESTABILITY = YES;
				ENABLE_USER_SCRIPT_SANDBOXING = YES;
				GCC_C_LANGUAGE_STANDARD = gnu17;
				GCC_DYNAMIC_NO_PIC = NO;
				GCC_NO_COMMON_BLOCKS = YES;
				GCC_OPTIMIZATION_LEVEL = 0;
				GCC_PREPROCESSOR_DEFINITIONS = (
					"DEBUG=1",
					"$(inherited)",
				);
				GCC_WARN_64_TO_32_BIT_CONVERSION = YES;
				GCC_WARN_ABOUT_RETURN_TYPE = YES_ERROR;
				GCC_WARN_UNDECLARED_SELECTOR = YES;
				GCC_WARN_UNINITIALIZED_AUTOS = YES_AGGRESSIVE;
				GCC_WARN_UNUSED_FUNCTION = YES;
				GCC_WARN_UNUSED_VARIABLE = YES;
				LOCALIZATION_PREFERS_STRING_CATALOGS = YES;
				MACOSX_DEPLOYMENT_TARGET = 26.2;
				MTL_ENABLE_DEBUG_INFO = INCLUDE_SOURCE;
				MTL_FAST_MATH = YES;
				ONLY_ACTIVE_ARCH = YES;
				SDKROOT = macosx;
				SWIFT_ACTIVE_COMPILATION_CONDITIONS = "DEBUG $(inherited)";
				SWIFT_OPTIMIZATION_LEVEL = "-Onone";
			};
			name = Debug;
		};
		28878EDE2F63C1FA0071178E /* Release */ = {
			isa = XCBuildConfiguration;
			buildSettings = {
				ALWAYS_SEARCH_USER_PATHS = NO;
				ASSETCATALOG_COMPILER_GENERATE_SWIFT_ASSET_SYMBOL_EXTENSIONS = YES;
				CLANG_ANALYZER_NONNULL = YES;
				CLANG_ANALYZER_NUMBER_OBJECT_CONVERSION = YES_AGGRESSIVE;
				CLANG_CXX_LANGUAGE_STANDARD = "gnu++20";
				CLANG_ENABLE_MODULES = YES;
				CLANG_ENABLE_OBJC_ARC = YES;
				CLANG_ENABLE_OBJC_WEAK = YES;
				CLANG_WARN_BLOCK_CAPTURE_AUTORELEASING = YES;
				CLANG_WARN_BOOL_CONVERSION = YES;
				CLANG_WARN_COMMA = YES;
				CLANG_WARN_CONSTANT_CONVERSION = YES;
				CLANG_WARN_DEPRECATED_OBJC_IMPLEMENTATIONS = YES;
				CLANG_WARN_DIRECT_OBJC_ISA_USAGE = YES_ERROR;
				CLANG_WARN_DOCUMENTATION_COMMENTS = YES;
				CLANG_WARN_EMPTY_BODY = YES;
				CLANG_WARN_ENUM_CONVERSION = YES;
				CLANG_WARN_INFINITE_RECURSION = YES;
				CLANG_WARN_INT_CONVERSION = YES;
				CLANG_WARN_NON_LITERAL_NULL_CONVERSION = YES;
				CLANG_WARN_OBJC_IMPLICIT_RETAIN_SELF = YES;
				CLANG_WARN_OBJC_LITERAL_CONVERSION = YES;
				CLANG_WARN_OBJC_ROOT_CLASS = YES_ERROR;
				CLANG_WARN_QUOTED_INCLUDE_IN_FRAMEWORK_HEADER = YES;
				CLANG_WARN_RANGE_LOOP_ANALYSIS = YES;
				CLANG_WARN_STRICT_PROTOTYPES = YES;
				CLANG_WARN_SUSPICIOUS_MOVE = YES;
				CLANG_WARN_UNGUARDED_AVAILABILITY = YES_AGGRESSIVE;
				CLANG_WARN_UNREACHABLE_CODE = YES;
				CLANG_WARN__DUPLICATE_METHOD_MATCH = YES;
				COPY_PHASE_STRIP = NO;
				DEBUG_INFORMATION_FORMAT = "dwarf-with-dsym";
				ENABLE_NS_ASSERTIONS = NO;
				ENABLE_STRICT_OBJC_MSGSEND = YES;
				ENABLE_USER_SCRIPT_SANDBOXING = YES;
				GCC_C_LANGUAGE_STANDARD = gnu17;
				GCC_NO_COMMON_BLOCKS = YES;
				GCC_WARN_64_TO_32_BIT_CONVERSION = YES;
				GCC_WARN_ABOUT_RETURN_TYPE = YES_ERROR;
				GCC_WARN_UNDECLARED_SELECTOR = YES;
				GCC_WARN_UNINITIALIZED_AUTOS = YES_AGGRESSIVE;
				GCC_WARN_UNUSED_FUNCTION = YES;
				GCC_WARN_UNUSED_VARIABLE = YES;
				LOCALIZATION_PREFERS_STRING_CATALOGS = YES;
				MACOSX_DEPLOYMENT_TARGET = 26.2;
				MTL_ENABLE_DEBUG_INFO = NO;
				MTL_FAST_MATH = YES;
				SDKROOT = macosx;
				SWIFT_COMPILATION_MODE = wholemodule;
			};
			name = Release;
		};
		28878EE02F63C1FA0071178E /* Debug */ = {
			isa = XCBuildConfiguration;
			buildSettings = {
				ASSETCATALOG_COMPILER_APPICON_NAME = AppIcon;
				ASSETCATALOG_COMPILER_GLOBAL_ACCENT_COLOR_NAME = AccentColor;
				CODE_SIGN_STYLE = Automatic;
				COMBINE_HIDPI_IMAGES = YES;
				CURRENT_PROJECT_VERSION = 1;
				ENABLE_APP_SANDBOX = YES;
				ENABLE_INCOMING_NETWORK_CONNECTIONS = NO;
				ENABLE_OUTGOING_NETWORK_CONNECTIONS = YES;
				ENABLE_PREVIEWS = YES;
				ENABLE_RESOURCE_ACCESS_AUDIO_INPUT = NO;
				ENABLE_RESOURCE_ACCESS_BLUETOOTH = NO;
				ENABLE_RESOURCE_ACCESS_CALENDARS = NO;
				ENABLE_RESOURCE_ACCESS_CAMERA = NO;
				ENABLE_RESOURCE_ACCESS_CONTACTS = NO;
				ENABLE_RESOURCE_ACCESS_LOCATION = NO;
				ENABLE_RESOURCE_ACCESS_PRINTING = NO;
				ENABLE_RESOURCE_ACCESS_USB = NO;
				ENABLE_USER_SELECTED_FILES = readonly;
				GENERATE_INFOPLIST_FILE = YES;
				INFOPLIST_KEY_NSHumanReadableCopyright = "";
				LD_RUNPATH_SEARCH_PATHS = (
					"$(inherited)",
					"@executable_path/../Frameworks",
				);
				MARKETING_VERSION = 1.0;
				PRODUCT_BUNDLE_IDENTIFIER = eu.monniot.iFTP;
				PRODUCT_NAME = "$(TARGET_NAME)";
				REGISTER_APP_GROUPS = YES;
				STRING_CATALOG_GENERATE_SYMBOLS = YES;
				SWIFT_APPROACHABLE_CONCURRENCY = YES;
				SWIFT_DEFAULT_ACTOR_ISOLATION = MainActor;
				SWIFT_EMIT_LOC_STRINGS = YES;
				SWIFT_UPCOMING_FEATURE_MEMBER_IMPORT_VISIBILITY = YES;
				SWIFT_VERSION = 5.0;
			};
			name = Debug;
		};
		28878EE12F63C1FA0071178E /* Release */ = {
			isa = XCBuildConfiguration;
			buildSettings = {
				ASSETCATALOG_COMPILER_APPICON_NAME = AppIcon;
				ASSETCATALOG_COMPILER_GLOBAL_ACCENT_COLOR_NAME = AccentColor;
				CODE_SIGN_STYLE = Automatic;
				COMBINE_HIDPI_IMAGES = YES;
				CURRENT_PROJECT_VERSION = 1;
				ENABLE_APP_SANDBOX = YES;
				ENABLE_INCOMING_NETWORK_CONNECTIONS = NO;
				ENABLE_OUTGOING_NETWORK_CONNECTIONS = YES;
				ENABLE_PREVIEWS = YES;
				ENABLE_RESOURCE_ACCESS_AUDIO_INPUT = NO;
				ENABLE_RESOURCE_ACCESS_BLUETOOTH = NO;
				ENABLE_RESOURCE_ACCESS_CALENDARS = NO;
				ENABLE_RESOURCE_ACCESS_CAMERA = NO;
				ENABLE_RESOURCE_ACCESS_CONTACTS = NO;
				ENABLE_RESOURCE_ACCESS_LOCATION = NO;
				ENABLE_RESOURCE_ACCESS_PRINTING = NO;
				ENABLE_RESOURCE_ACCESS_USB = NO;
				ENABLE_USER_SELECTED_FILES = readonly;
				GENERATE_INFOPLIST_FILE = YES;
				INFOPLIST_KEY_NSHumanReadableCopyright = "";
				LD_RUNPATH_SEARCH_PATHS = (
					"$(inherited)",
					"@executable_path/../Frameworks",
				);
				MARKETING_VERSION = 1.0;
				PRODUCT_BUNDLE_IDENTIFIER = eu.monniot.iFTP;
				PRODUCT_NAME = "$(TARGET_NAME)";
				REGISTER_APP_GROUPS = YES;
				STRING_CATALOG_GENERATE_SYMBOLS = YES;
				SWIFT_APPROACHABLE_CONCURRENCY = YES;
				SWIFT_DEFAULT_ACTOR_ISOLATION = MainActor;
				SWIFT_EMIT_LOC_STRINGS = YES;
				SWIFT_UPCOMING_FEATURE_MEMBER_IMPORT_VISIBILITY = YES;
				SWIFT_VERSION = 5.0;
			};
			name = Release;
		};
		28878EE32F63C1FA0071178E /* Debug */ = {
			isa = XCBuildConfiguration;
			buildSettings = {
				BUNDLE_LOADER = "$(TEST_HOST)";
				CODE_SIGN_STYLE = Automatic;
				CURRENT_PROJECT_VERSION = 1;
				GENERATE_INFOPLIST_FILE = YES;
				MACOSX_DEPLOYMENT_TARGET = 26.2;
				MARKETING_VERSION = 1.0;
				PRODUCT_BUNDLE_IDENTIFIER = eu.monniot.iFTPTests;
				PRODUCT_NAME = "$(TARGET_NAME)";
				STRING_CATALOG_GENERATE_SYMBOLS = NO;
				SWIFT_APPROACHABLE_CONCURRENCY = YES;
				SWIFT_EMIT_LOC_STRINGS = NO;
				SWIFT_UPCOMING_FEATURE_MEMBER_IMPORT_VISIBILITY = YES;
				SWIFT_VERSION = 5.0;
				TEST_HOST = "$(BUILT_PRODUCTS_DIR)/iFTP.app/$(BUNDLE_EXECUTABLE_FOLDER_PATH)/iFTP";
			};
			name = Debug;
		};
		28878EE42F63C1FA0071178E /* Release */ = {
			isa = XCBuildConfiguration;
			buildSettings = {
				BUNDLE_LOADER = "$(TEST_HOST)";
				CODE_SIGN_STYLE = Automatic;
				CURRENT_PROJECT_VERSION = 1;
				GENERATE_INFOPLIST_FILE = YES;
				MACOSX_DEPLOYMENT_TARGET = 26.2;
				MARKETING_VERSION = 1.0;
				PRODUCT_BUNDLE_IDENTIFIER = eu.monniot.iFTPTests;
				PRODUCT_NAME = "$(TARGET_NAME)";
				STRING_CATALOG_GENERATE_SYMBOLS = NO;
				SWIFT_APPROACHABLE_CONCURRENCY = YES;
				SWIFT_EMIT_LOC_STRINGS = NO;
				SWIFT_UPCOMING_FEATURE_MEMBER_IMPORT_VISIBILITY = YES;
				SWIFT_VERSION = 5.0;
				TEST_HOST = "$(BUILT_PRODUCTS_DIR)/iFTP.app/$(BUNDLE_EXECUTABLE_FOLDER_PATH)/iFTP";
			};
			name = Release;
		};
		28878EE62F63C1FA0071178E /* Debug */ = {
			isa = XCBuildConfiguration;
			buildSettings = {
				CODE_SIGN_STYLE = Automatic;
				CURRENT_PROJECT_VERSION = 1;
				GENERATE_INFOPLIST_FILE = YES;
				MARKETING_VERSION = 1.0;
				PRODUCT_BUNDLE_IDENTIFIER = eu.monniot.iFTPUITests;
				PRODUCT_NAME = "$(TARGET_NAME)";
				STRING_CATALOG_GENERATE_SYMBOLS = NO;
				SWIFT_APPROACHABLE_CONCURRENCY = YES;
				SWIFT_EMIT_LOC_STRINGS = NO;
				SWIFT_UPCOMING_FEATURE_MEMBER_IMPORT_VISIBILITY = YES;
				SWIFT_VERSION = 5.0;
				TEST_TARGET_NAME = iFTP;
			};
			name = Debug;
		};
		28878EE72F63C1FA0071178E /* Release */ = {
			isa = XCBuildConfiguration;
			buildSettings = {
				CODE_SIGN_STYLE = Automatic;
				CURRENT_PROJECT_VERSION = 1;
				GENERATE_INFOPLIST_FILE = YES;
				MARKETING_VERSION = 1.0;
				PRODUCT_BUNDLE_IDENTIFIER = eu.monniot.iFTPUITests;
				PRODUCT_NAME = "$(TARGET_NAME)";
				STRING_CATALOG_GENERATE_SYMBOLS = NO;
				SWIFT_APPROACHABLE_CONCURRENCY = YES;
				SWIFT_EMIT_LOC_STRINGS = NO;
				SWIFT_UPCOMING_FEATURE_MEMBER_IMPORT_VISIBILITY = YES;
				SWIFT_VERSION = 5.0;
				TEST_TARGET_NAME = iFTP;
			};
			name = Release;
		};
/* End XCBuildConfiguration section */

/* Begin XCConfigurationList section */
		28878EB72F63C1F90071178E /* Build configuration list for PBXProject "iFTP" */ = {
			isa = XCConfigurationList;
			buildConfigurations = (
				28878EDD2F63C1FA0071178E /* Debug */,
				28878EDE2F63C1FA0071178E /* Release */,
			);
			defaultConfigurationIsVisible = 0;
			defaultConfigurationName = Release;
		};
		28878EDF2F63C1FA0071178E /* Build configuration list for PBXNativeTarget "iFTP" */ = {
			isa = XCConfigurationList;
			buildConfigurations = (
				28878EE02F63C1FA0071178E /* Debug */,
				28878EE12F63C1FA0071178E /* Release */,
			);
			defaultConfigurationIsVisible = 0;
			defaultConfigurationName = Release;
		};
		28878EE22F63C1FA0071178E /* Build configuration list for PBXNativeTarget "iFTPTests" */ = {
			isa = XCConfigurationList;
			buildConfigurations = (
				28878EE32F63C1FA0071178E /* Debug */,
				28878EE42F63C1FA0071178E /* Release */,
			);
			defaultConfigurationIsVisible = 0;
			defaultConfigurationName = Release;
		};
		28878EE52F63C1FA0071178E /* Build configuration list for PBXNativeTarget "iFTPUITests" */ = {
			isa = XCConfigurationList;
			buildConfigurations = (
				28878EE62F63C1FA0071178E /* Debug */,
				28878EE72F63C1FA0071178E /* Release */,
			);
			defaultConfigurationIsVisible = 0;
			defaultConfigurationName = Release;
		};
/* End XCConfigurationList section */

/* Begin XCRemoteSwiftPackageReference section */
		28878F142F64530F0071178E /* XCRemoteSwiftPackageReference "swift-nio" */ = {
			isa = XCRemoteSwiftPackageReference;
			repositoryURL = "https://github.com/apple/swift-nio.git";
			requirement = {
				kind = upToNextMajorVersion;
				minimumVersion = 2.96.0;
			};
		};
		2887901D2F6535F20071178E /* XCRemoteSwiftPackageReference "swift-nio-ssh" */ = {
			isa = XCRemoteSwiftPackageReference;
			repositoryURL = "https://github.com/apple/swift-nio-ssh";
			requirement = {
				kind = upToNextMajorVersion;
				minimumVersion = 0.12.0;
			};
		};
/* End XCRemoteSwiftPackageReference section */

/* Begin XCSwiftPackageProductDependency section */
		28878F152F64530F0071178E /* NIOCore */ = {
			isa = XCSwiftPackageProductDependency;
			package = 28878F142F64530F0071178E /* XCRemoteSwiftPackageReference "swift-nio" */;
			productName = NIOCore;
		};
		28878F172F64530F0071178E /* NIOPosix */ = {
			isa = XCSwiftPackageProductDependency;
			package = 28878F142F64530F0071178E /* XCRemoteSwiftPackageReference "swift-nio" */;
			productName = NIOPosix;
		};
		2887901E2F6535F20071178E /* NIOSSH */ = {
			isa = XCSwiftPackageProductDependency;
			package = 2887901D2F6535F20071178E /* XCRemoteSwiftPackageReference "swift-nio-ssh" */;
			productName = NIOSSH;
		};
/* End XCSwiftPackageProductDependency section */
	};
	rootObject = 28878EB42F63C1F90071178E /* Project object */;
}
